
Microsoft Visual Studio Solution File, Format Version 12.00
# Visual Studio Version 17
VisualStudioVersion = 17.14.36915.13
MinimumVisualStudioVersion = 10.0.40219.1
Project("{FAE04EC0-301F-11D3-BF4B-00C04F79EFBC}") = "MariaDBConnection", "MariaDBConnection\MariaDBConnection.csproj", "{2E49C939-B83C-471A-93BB-232E97CC3C5A}"
EndProject
Project("{FAE04EC0-301F-11D3-BF4B-00C04F79EFBC}") = "SqliteConnection", "SqliteConnection\SqliteConnection.csproj", "{5398E82E-24C4-489E-8EF2-B5D711E240E9}"
EndProject
Project("{FAE04EC0-301F-11D3-BF4B-00C04F79EFBC}") = "DatabaseIndependentConnection", "DatabaseIndependentConnection\DatabaseIndependentConnection.csproj", "{2A772CCD-C2DC-4B4A-A57F-F020B2EA01FF}"
EndProject
Global
	GlobalSection(SolutionConfigurationPlatforms) = preSolution
		Debug|Any CPU = Debug|Any CPU
		Release|Any CPU = Release|Any CPU
	EndGlobalSection
	GlobalSection(ProjectConfigurationPlatforms) = postSolution
		{2E49C939-B83C-471A-93BB-232E97CC3C5A}.Debug|Any CPU.ActiveCfg = Debug|Any CPU
		{2E49C939-B83C-471A-93BB-232E97CC3C5A}.Debug|Any CPU.Build.0 = Debug|Any CPU
		{2E49C939-B83C-471A-93BB-232E97CC3C5A}.Release|Any CPU.ActiveCfg = Release|Any CPU
		{2E49C939-B83C-471A-93BB-232E97CC3C5A}.Release|Any CPU.Build.0 = Release|Any CPU
		{5398E82E-24C4-489E-8EF2-B5D711E240E9}.Debug|Any CPU.ActiveCfg = Debug|Any CPU
		{5398E82E-24C4-489E-8EF2-B5D711E240E9}.Debug|Any CPU.Build.0 = Debug|Any CPU
		{5398E82E-24C4-489E-8EF2-B5D711E240E9}.Release|Any CPU.ActiveCfg = Release|Any CPU
		{5398E82E-24C4-489E-8EF2-B5D711E240E9}.Release|Any CPU.Build.0 = Release|Any CPU
		{2A772CCD-C2DC-4B4A-A57F-F020B2EA01FF}.Debug|Any CPU.ActiveCfg = Debug|Any CPU
		{2A772CCD-C2DC-4B4A-A57F-F020B2EA01FF}.Debug|Any CPU.Build.0 = Debug|Any CPU
		{2A772CCD-C2DC-4B4A-A57F-F020B2EA01FF}.Release|Any CPU.ActiveCfg = Release|Any CPU
		{2A772CCD-C2DC-4B4A-A57F-F020B2EA01FF}.Release|Any CPU.Build.0 = Release|Any CPU
	EndGlobalSection
	GlobalSection(SolutionProperties) = preSolution
		HideSolutionNode = FALSE
	EndGlobalSection
	GlobalSection(ExtensibilityGlobals) = postSolution
		SolutionGuid = {BB4FDE9D-5F8A-4B14-BF3F-944370DFB6E7}
	EndGlobalSection
EndGlobal
